Microsoft Visual Studio Solution File, Format Version 12.00
# Visual Studio Version 17
VisualStudioVersion = 17.13.35913.81
MinimumVisualStudioVersion = 10.0.40219.1
Project("{FAE04EC0-301F-11D3-BF4B-00C04F79EFBC}") = "PeliculasAPI", "PeliculasAPI\PeliculasAPI.csproj", "{B3407E81-B0C0-4AB7-9F7E-BEFEC5274F41}"
EndProject
Global
	GlobalSection(SolutionConfigurationPlatforms) = preSolution
		Debug|Any CPU = Debug|Any CPU
		Release|Any CPU = Release|Any CPU
	EndGlobalSection
	GlobalSection(ProjectConfigurationPlatforms) = postSolution
		{B3407E81-B0C0-4AB7-9F7E-BEFEC5274F41}.Debug|Any CPU.ActiveCfg = Debug|Any CPU
		{B3407E81-B0C0-4AB7-9F7E-BEFEC5274F41}.Debug|Any CPU.Build.0 = Debug|Any CPU
		{B3407E81-B0C0-4AB7-9F7E-BEFEC5274F41}.Release|Any CPU.ActiveCfg = Release|Any CPU
		{B3407E81-B0C0-4AB7-9F7E-BEFEC5274F41}.Release|Any CPU.Build.0 = Release|Any CPU
	EndGlobalSection
	GlobalSection(SolutionProperties) = preSolution
		HideSolutionNode = FALSE
	EndGlobalSection
	GlobalSection(ExtensibilityGlobals) = postSolution
		SolutionGuid = {85E6F1C0-D3E9-434F-A2F3-25E465CE969B}
	EndGlobalSection
EndGlobal
